<?xml version="1.0" encoding="utf-8"?>
<Project ToolsVersion="4.0" xmlns="http://schemas.microsoft.com/developer/msbuild/2003">
  <ItemGroup>
    <Filter Include="Headers">
      <UniqueIdentifier>{93995380-89BD-4b04-88EB-625FBE52EBFB}</UniqueIdentifier>
      <Extensions>h;hh;hpp;hxx;h++;hm;inl;inc;ipp;xsd</Extensions>
    </Filter>
    <Filter Include="Sources">
      <UniqueIdentifier>{4FC737F1-C7A5-4376-A066-2A32D752A2FF}</UniqueIdentifier>
      <Extensions>cpp;c;cc;cxx;c++;cppm;ixx;def;odl;idl;hpj;bat;asm;asmx</Extensions>
    </Filter>
    <Filter Include="Resources">
      <UniqueIdentifier>{67DA6AB6-F800-4c08-8B7A-83BB121AAD01}</UniqueIdentifier>
      <Extensions>rc;ico;cur;bmp;dlg;rc2;rct;bin;rgs;gif;jpg;jpeg;jpe;resx;tiff;tif;png;wav;mfcribbon-ms</Extensions>
    </Filter>
    <Filter Include="Shaders">
      <UniqueIdentifier>{dc3a2880-47fa-437c-a74c-b72dff7f8128}</UniqueIdentifier>
    </Filter>
    <Filter Include="ImGui">
      <UniqueIdentifier>{b6685b0a-8bf1-4ccb-beb4-733a63695d6a}</UniqueIdentifier>
    </Filter>
    <Filter Include="Sources\Mains">
      <UniqueIdentifier>{d01bf46a-11c2-4a9d-920e-30410ac498da}</UniqueIdentifier>
    </Filter>
  </ItemGroup>
  <ItemGroup>
    <ClCompile Include="resource\glad.c">
      <Filter>Resources</Filter>
    </ClCompile>
    <ClCompile Include="resource\stb_image.cpp">
      <Filter>Resources</Filter>
    </ClCompile>
    <ClCompile Include="vertex\vertex.cpp">
      <Filter>Sources</Filter>
    </ClCompile>
    <ClCompile Include="mesh\mesh.cpp">
      <Filter>Sources</Filter>
    </ClCompile>
    <ClCompile Include="model\model.cpp">
      <Filter>Sources</Filter>
    </ClCompile>
    <ClCompile Include="camera\camera.cpp">
      <Filter>Sources</Filter>
    </ClCompile>
    <ClCompile Include="shader\shader.cpp">
      <Filter>Sources</Filter>
    </ClCompile>
    <ClCompile Include="shader\shaderProgram.cpp">
      <Filter>Sources</Filter>
    </ClCompile>
    <ClCompile Include="source\triangle.cpp">
      <Filter>Sources\Mains</Filter>
    </ClCompile>
    <ClCompile Include="source\texture.cpp">
      <Filter>Sources\Mains</Filter>
    </ClCompile>
    <ClCompile Include="source\lighting.cpp">
      <Filter>Sources\Mains</Filter>
    </ClCompile>
    <ClCompile Include="source\coordinate.cpp">
      <Filter>Sources\Mains</Filter>
    </ClCompile>
    <ClCompile Include="source\modelTest.cpp">
      <Filter>Sources\Mains</Filter>
    </ClCompile>
  </ItemGroup>
  <ItemGroup>
    <ClInclude Include="vertex\vertex.h">
      <Filter>Headers</Filter>
    </ClInclude>
    <ClInclude Include="mesh\mesh.h">
      <Filter>Headers</Filter>
    </ClInclude>
    <ClInclude Include="model\model.h">
      <Filter>Headers</Filter>
    </ClInclude>
    <ClInclude Include="camera\camera.h">
      <Filter>Headers</Filter>
    </ClInclude>
    <ClInclude Include="shader\shader.h">
      <Filter>Headers</Filter>
    </ClInclude>
    <ClInclude Include="shader\shaderProgram.h">
      <Filter>Headers</Filter>
    </ClInclude>
  </ItemGroup>
  <ItemGroup>
    <None Include="shader\triangle_fs.glsl">
      <Filter>Shaders</Filter>
    </None>
    <None Include="shader\triangle_vs.glsl">
      <Filter>Shaders</Filter>
    </None>
    <None Include="shader\texture_fs.glsl">
      <Filter>Shaders</Filter>
    </None>
    <None Include="shader\texture_vs.glsl">
      <Filter>Shaders</Filter>
    </None>
    <None Include="shader\coordinate_fs.glsl">
      <Filter>Shaders</Filter>
    </None>
    <None Include="shader\coordinate_vs.glsl">
      <Filter>Shaders</Filter>
    </None>
    <None Include="shader\lighting_fs.glsl">
      <Filter>Shaders</Filter>
    </None>
    <None Include="shader\lighting_vs.glsl">
      <Filter>Shaders</Filter>
    </None>
    <None Include="shader\lighting_lig_fs.glsl">
      <Filter>Shaders</Filter>
    </None>
    <None Include="shader\lighting_lig_vs.glsl">
      <Filter>Shaders</Filter>
    </None>
    <None Include="shader\model_fs.glsl" />
    <None Include="shader\model_vs.glsl" />
  </ItemGroup>
</Project>