<?xml version="1.0" encoding="utf-8"?>
<Project ToolsVersion="4.0" xmlns="http://schemas.microsoft.com/developer/msbuild/2003">
  <ItemGroup>
    <Filter Include="Headers">
      <UniqueIdentifier>{93995380-89BD-4b04-88EB-625FBE52EBFB}</UniqueIdentifier>
      <Extensions>h;hh;hpp;hxx;h++;hm;inl;inc;ipp;xsd</Extensions>
    </Filter>
    <Filter Include="Sources">
      <UniqueIdentifier>{4FC737F1-C7A5-4376-A066-2A32D752A2FF}</UniqueIdentifier>
      <Extensions>cpp;c;cc;cxx;c++;cppm;ixx;def;odl;idl;hpj;bat;asm;asmx</Extensions>
    </Filter>
    <Filter Include="Resources">
      <UniqueIdentifier>{67DA6AB6-F800-4c08-8B7A-83BB121AAD01}</UniqueIdentifier>
      <Extensions>rc;ico;cur;bmp;dlg;rc2;rct;bin;rgs;gif;jpg;jpeg;jpe;resx;tiff;tif;png;wav;mfcribbon-ms</Extensions>
    </Filter>
    <Filter Include="Resources\Shader Class">
      <UniqueIdentifier>{9760c8a6-6e87-4f76-b09c-7dc267a64fe6}</UniqueIdentifier>
    </Filter>
    <Filter Include="Shaders">
      <UniqueIdentifier>{dc3a2880-47fa-437c-a74c-b72dff7f8128}</UniqueIdentifier>
    </Filter>
  </ItemGroup>
  <ItemGroup>
    <ClCompile Include="shader\shader.cpp">
      <Filter>Resources\Shader Class</Filter>
    </ClCompile>
    <ClCompile Include="resource\glad.c">
      <Filter>Resources</Filter>
    </ClCompile>
    <ClCompile Include="resource\stb_image.cpp">
      <Filter>Resources</Filter>
    </ClCompile>
    <ClCompile Include="coordinate.cpp">
      <Filter>Sources</Filter>
    </ClCompile>
    <ClCompile Include="shaderProgram.cpp">
      <Filter>Resources\Shader Class</Filter>
    </ClCompile>
  </ItemGroup>
  <ItemGroup>
    <ClInclude Include="shader\shader.h">
      <Filter>Resources\Shader Class</Filter>
    </ClInclude>
    <ClInclude Include="shader\shaderProgram.h">
      <Filter>Resources\Shader Class</Filter>
    </ClInclude>
  </ItemGroup>
  <ItemGroup>
    <None Include="shader\00_FragmentShader.glsl">
      <Filter>Shaders</Filter>
    </None>
    <None Include="shader\00_VertexShader.glsl">
      <Filter>Shaders</Filter>
    </None>
    <None Include="shader\01_FragmentShader.glsl">
      <Filter>Shaders</Filter>
    </None>
    <None Include="shader\01_VertexShader.glsl">
      <Filter>Shaders</Filter>
    </None>
    <None Include="shader\02_FragmentShader.glsl">
      <Filter>Shaders</Filter>
    </None>
    <None Include="shader\02_VertexShader.glsl">
      <Filter>Shaders</Filter>
    </None>
  </ItemGroup>
</Project>