<?xml version="1.0" encoding="utf-8"?>
<Project ToolsVersion="4.0" xmlns="http://schemas.microsoft.com/developer/msbuild/2003">
  <ItemGroup>
    <Filter Include="Headers">
      <UniqueIdentifier>{93995380-89BD-4b04-88EB-625FBE52EBFB}</UniqueIdentifier>
      <Extensions>h;hh;hpp;hxx;h++;hm;inl;inc;ipp;xsd</Extensions>
    </Filter>
    <Filter Include="Sources">
      <UniqueIdentifier>{4FC737F1-C7A5-4376-A066-2A32D752A2FF}</UniqueIdentifier>
      <Extensions>cpp;c;cc;cxx;c++;cppm;ixx;def;odl;idl;hpj;bat;asm;asmx</Extensions>
    </Filter>
    <Filter Include="Resources">
      <UniqueIdentifier>{67DA6AB6-F800-4c08-8B7A-83BB121AAD01}</UniqueIdentifier>
      <Extensions>rc;ico;cur;bmp;dlg;rc2;rct;bin;rgs;gif;jpg;jpeg;jpe;resx;tiff;tif;png;wav;mfcribbon-ms</Extensions>
    </Filter>
    <Filter Include="Resources\Shader Class">
      <UniqueIdentifier>{9760c8a6-6e87-4f76-b09c-7dc267a64fe6}</UniqueIdentifier>
    </Filter>
    <Filter Include="Shaders">
      <UniqueIdentifier>{dc3a2880-47fa-437c-a74c-b72dff7f8128}</UniqueIdentifier>
    </Filter>
    <Filter Include="Resources\Camera Class">
      <UniqueIdentifier>{a186403e-b53a-455f-b4bc-7fec8ed8d2a9}</UniqueIdentifier>
    </Filter>
    <Filter Include="Resources\ImGui">
      <UniqueIdentifier>{128ed2d1-e812-4853-b3fd-7388112083bd}</UniqueIdentifier>
    </Filter>
    <Filter Include="Headers\ImGui">
      <UniqueIdentifier>{8f269c70-106f-497c-9597-405cd2978dcd}</UniqueIdentifier>
    </Filter>
    <Filter Include="Headers\Camera Class">
      <UniqueIdentifier>{0efc0ff6-0b76-49d4-8639-b7ec75fc5583}</UniqueIdentifier>
    </Filter>
    <Filter Include="Headers\ShaderClass">
      <UniqueIdentifier>{9061a757-b8e3-4ed3-a692-a851cbff9873}</UniqueIdentifier>
    </Filter>
  </ItemGroup>
  <ItemGroup>
    <ClCompile Include="shader\shader.cpp">
      <Filter>Resources\Shader Class</Filter>
    </ClCompile>
    <ClCompile Include="resource\glad.c">
      <Filter>Resources</Filter>
    </ClCompile>
    <ClCompile Include="resource\stb_image.cpp">
      <Filter>Resources</Filter>
    </ClCompile>
    <ClCompile Include="shader\shaderProgram.cpp">
      <Filter>Resources\Shader Class</Filter>
    </ClCompile>
    <ClCompile Include="camera\camera.cpp">
      <Filter>Resources\Camera Class</Filter>
    </ClCompile>
    <ClCompile Include="source\coordinate.cpp">
      <Filter>Sources</Filter>
    </ClCompile>
    <ClCompile Include="source\texture.cpp">
      <Filter>Sources</Filter>
    </ClCompile>
    <ClCompile Include="source\triangle.cpp">
      <Filter>Sources</Filter>
    </ClCompile>
    <ClCompile Include="source\lighting.cpp">
      <Filter>Sources</Filter>
    </ClCompile>
    <ClCompile Include="resource\ImGui\imgui.cpp">
      <Filter>Resources\ImGui</Filter>
    </ClCompile>
    <ClCompile Include="resource\ImGui\imgui_demo.cpp">
      <Filter>Resources\ImGui</Filter>
    </ClCompile>
    <ClCompile Include="resource\ImGui\imgui_draw.cpp">
      <Filter>Resources\ImGui</Filter>
    </ClCompile>
    <ClCompile Include="resource\ImGui\imgui_tables.cpp">
      <Filter>Resources\ImGui</Filter>
    </ClCompile>
    <ClCompile Include="resource\ImGui\imgui_widgets.cpp">
      <Filter>Resources\ImGui</Filter>
    </ClCompile>
    <ClCompile Include="resource\ImGui\imgui_impl_glfw.cpp">
      <Filter>Resources\ImGui</Filter>
    </ClCompile>
    <ClCompile Include="resource\ImGui\imgui_impl_opengl2.cpp">
      <Filter>Resources\ImGui</Filter>
    </ClCompile>
    <ClCompile Include="resource\ImGui\imgui_impl_opengl3.cpp">
      <Filter>Resources\ImGui</Filter>
    </ClCompile>
  </ItemGroup>
  <ItemGroup>
    <ClInclude Include="resource\ImGui\imconfig.h">
      <Filter>Headers\ImGui</Filter>
    </ClInclude>
    <ClInclude Include="resource\ImGui\imgui.h">
      <Filter>Headers\ImGui</Filter>
    </ClInclude>
    <ClInclude Include="resource\ImGui\imgui_impl_glfw.h">
      <Filter>Headers\ImGui</Filter>
    </ClInclude>
    <ClInclude Include="resource\ImGui\imgui_impl_opengl2.h">
      <Filter>Headers\ImGui</Filter>
    </ClInclude>
    <ClInclude Include="resource\ImGui\imgui_impl_opengl3.h">
      <Filter>Headers\ImGui</Filter>
    </ClInclude>
    <ClInclude Include="resource\ImGui\imgui_impl_opengl3_loader.h">
      <Filter>Headers\ImGui</Filter>
    </ClInclude>
    <ClInclude Include="resource\ImGui\imgui_internal.h">
      <Filter>Headers\ImGui</Filter>
    </ClInclude>
    <ClInclude Include="resource\ImGui\imstb_rectpack.h">
      <Filter>Headers\ImGui</Filter>
    </ClInclude>
    <ClInclude Include="resource\ImGui\imstb_textedit.h">
      <Filter>Headers\ImGui</Filter>
    </ClInclude>
    <ClInclude Include="resource\ImGui\imstb_truetype.h">
      <Filter>Headers\ImGui</Filter>
    </ClInclude>
    <ClInclude Include="camera\camera.h">
      <Filter>Headers\Camera Class</Filter>
    </ClInclude>
    <ClInclude Include="shader\shader.h">
      <Filter>Headers\ShaderClass</Filter>
    </ClInclude>
    <ClInclude Include="shader\shaderProgram.h">
      <Filter>Headers\ShaderClass</Filter>
    </ClInclude>
  </ItemGroup>
  <ItemGroup>
    <None Include="shader\tri_FragmentShader.glsl">
      <Filter>Shaders</Filter>
    </None>
    <None Include="shader\tri_VertexShader.glsl">
      <Filter>Shaders</Filter>
    </None>
    <None Include="shader\tex_FragmentShader.glsl">
      <Filter>Shaders</Filter>
    </None>
    <None Include="shader\tex_VertexShader.glsl">
      <Filter>Shaders</Filter>
    </None>
    <None Include="shader\coo_FragmentShader.glsl">
      <Filter>Shaders</Filter>
    </None>
    <None Include="shader\coo_VertexShader.glsl">
      <Filter>Shaders</Filter>
    </None>
    <None Include="shader\lig_FragmentShader.glsl">
      <Filter>Shaders</Filter>
    </None>
    <None Include="shader\lig_VertexShader.glsl">
      <Filter>Shaders</Filter>
    </None>
    <None Include="shader\LightingFragmentShader.glsl">
      <Filter>Shaders</Filter>
    </None>
    <None Include="shader\LightingVertexShader.glsl">
      <Filter>Shaders</Filter>
    </None>
  </ItemGroup>
</Project>